
Microsoft Visual Studio Solution File, Format Version 12.00
# Visual Studio Version 17
VisualStudioVersion = 17.4.33110.190
MinimumVisualStudioVersion = 10.0.40219.1
Project("{FAE04EC0-301F-11D3-BF4B-00C04F79EFBC}") = "Serelization_formDemo", "Serelization_formDemo\Serelization_formDemo.csproj", "{FD5C806F-CACB-46D3-B66B-82396338EFC0}"
EndProject
Global
	GlobalSection(SolutionConfigurationPlatforms) = preSolution
		Debug|Any CPU = Debug|Any CPU
		Release|Any CPU = Release|Any CPU
	EndGlobalSection
	GlobalSection(ProjectConfigurationPlatforms) = postSolution
		{FD5C806F-CACB-46D3-B66B-82396338EFC0}.Debug|Any CPU.ActiveCfg = Debug|Any CPU
		{FD5C806F-CACB-46D3-B66B-82396338EFC0}.Debug|Any CPU.Build.0 = Debug|Any CPU
		{FD5C806F-CACB-46D3-B66B-82396338EFC0}.Release|Any CPU.ActiveCfg = Release|Any CPU
		{FD5C806F-CACB-46D3-B66B-82396338EFC0}.Release|Any CPU.Build.0 = Release|Any CPU
	EndGlobalSection
	GlobalSection(SolutionProperties) = preSolution
		HideSolutionNode = FALSE
	EndGlobalSection
	GlobalSection(ExtensibilityGlobals) = postSolution
		SolutionGuid = {C3E98131-43E0-42C0-B07C-C7722AA7DCC6}
	EndGlobalSection
EndGlobal
